
Microsoft Visual Studio Solution File, Format Version 12.00
# Visual Studio Version 17
VisualStudioVersion = 17.0.31903.59
MinimumVisualStudioVersion = 10.0.40219.1
Project("{FAE04EC0-301F-11D3-BF4B-00C04F79EFBC}") = "EmpManagemnt.API", "EmpManagemnt.API\EmpManagemnt.API.csproj", "{29B81C8A-DA84-43F7-9B00-6407EDF34CCD}"
EndProject
Project("{2150E333-8FDC-42A3-9474-1A3956D46DE8}") = "EmpManagemnt.Domain", "EmpManagemnt.Domain", "{B9A59BCA-5C4A-D25C-E0B0-E5E90136F164}"
EndProject
Project("{FAE04EC0-301F-11D3-BF4B-00C04F79EFBC}") = "Empmanagemnt.Domain", "EmpManagemnt.Domain\EmpManagemnt.Domain.csproj", "{294F65E7-1B24-4D1B-BC63-160F5A993628}"
EndProject
Project("{FAE04EC0-301F-11D3-BF4B-00C04F79EFBC}") = "EmpManagemnt.Application", "EmpManagemnt.Application\EmpManagemnt.Application.csproj", "{1EE9FC52-B182-494A-906D-FEE3584E3F31}"
EndProject
Project("{FAE04EC0-301F-11D3-BF4B-00C04F79EFBC}") = "EmpManagemnt.Infrastructure", "EmpManagemnt.Infrastructure\EmpManagemnt.Infrastructure.csproj", "{774BB749-627F-474D-93A7-E6C3EC9BA022}"
EndProject
Global
	GlobalSection(SolutionConfigurationPlatforms) = preSolution
		Debug|Any CPU = Debug|Any CPU
		Debug|x64 = Debug|x64
		Debug|x86 = Debug|x86
		Release|Any CPU = Release|Any CPU
		Release|x64 = Release|x64
		Release|x86 = Release|x86
	EndGlobalSection
	GlobalSection(ProjectConfigurationPlatforms) = postSolution
		{29B81C8A-DA84-43F7-9B00-6407EDF34CCD}.Debug|Any CPU.ActiveCfg = Debug|Any CPU
		{29B81C8A-DA84-43F7-9B00-6407EDF34CCD}.Debug|Any CPU.Build.0 = Debug|Any CPU
		{29B81C8A-DA84-43F7-9B00-6407EDF34CCD}.Debug|x64.ActiveCfg = Debug|Any CPU
		{29B81C8A-DA84-43F7-9B00-6407EDF34CCD}.Debug|x64.Build.0 = Debug|Any CPU
		{29B81C8A-DA84-43F7-9B00-6407EDF34CCD}.Debug|x86.ActiveCfg = Debug|Any CPU
		{29B81C8A-DA84-43F7-9B00-6407EDF34CCD}.Debug|x86.Build.0 = Debug|Any CPU
		{29B81C8A-DA84-43F7-9B00-6407EDF34CCD}.Release|Any CPU.ActiveCfg = Release|Any CPU
		{29B81C8A-DA84-43F7-9B00-6407EDF34CCD}.Release|Any CPU.Build.0 = Release|Any CPU
		{29B81C8A-DA84-43F7-9B00-6407EDF34CCD}.Release|x64.ActiveCfg = Release|Any CPU
		{29B81C8A-DA84-43F7-9B00-6407EDF34CCD}.Release|x64.Build.0 = Release|Any CPU
		{29B81C8A-DA84-43F7-9B00-6407EDF34CCD}.Release|x86.ActiveCfg = Release|Any CPU
		{29B81C8A-DA84-43F7-9B00-6407EDF34CCD}.Release|x86.Build.0 = Release|Any CPU
		{294F65E7-1B24-4D1B-BC63-160F5A993628}.Debug|Any CPU.ActiveCfg = Debug|Any CPU
		{294F65E7-1B24-4D1B-BC63-160F5A993628}.Debug|Any CPU.Build.0 = Debug|Any CPU
		{294F65E7-1B24-4D1B-BC63-160F5A993628}.Debug|x64.ActiveCfg = Debug|Any CPU
		{294F65E7-1B24-4D1B-BC63-160F5A993628}.Debug|x64.Build.0 = Debug|Any CPU
		{294F65E7-1B24-4D1B-BC63-160F5A993628}.Debug|x86.ActiveCfg = Debug|Any CPU
		{294F65E7-1B24-4D1B-BC63-160F5A993628}.Debug|x86.Build.0 = Debug|Any CPU
		{294F65E7-1B24-4D1B-BC63-160F5A993628}.Release|Any CPU.ActiveCfg = Release|Any CPU
		{294F65E7-1B24-4D1B-BC63-160F5A993628}.Release|Any CPU.Build.0 = Release|Any CPU
		{294F65E7-1B24-4D1B-BC63-160F5A993628}.Release|x64.ActiveCfg = Release|Any CPU
		{294F65E7-1B24-4D1B-BC63-160F5A993628}.Release|x64.Build.0 = Release|Any CPU
		{294F65E7-1B24-4D1B-BC63-160F5A993628}.Release|x86.ActiveCfg = Release|Any CPU
		{294F65E7-1B24-4D1B-BC63-160F5A993628}.Release|x86.Build.0 = Release|Any CPU
		{1EE9FC52-B182-494A-906D-FEE3584E3F31}.Debug|Any CPU.ActiveCfg = Debug|Any CPU
		{1EE9FC52-B182-494A-906D-FEE3584E3F31}.Debug|Any CPU.Build.0 = Debug|Any CPU
		{1EE9FC52-B182-494A-906D-FEE3584E3F31}.Debug|x64.ActiveCfg = Debug|Any CPU
		{1EE9FC52-B182-494A-906D-FEE3584E3F31}.Debug|x64.Build.0 = Debug|Any CPU
		{1EE9FC52-B182-494A-906D-FEE3584E3F31}.Debug|x86.ActiveCfg = Debug|Any CPU
		{1EE9FC52-B182-494A-906D-FEE3584E3F31}.Debug|x86.Build.0 = Debug|Any CPU
		{1EE9FC52-B182-494A-906D-FEE3584E3F31}.Release|Any CPU.ActiveCfg = Release|Any CPU
		{1EE9FC52-B182-494A-906D-FEE3584E3F31}.Release|Any CPU.Build.0 = Release|Any CPU
		{1EE9FC52-B182-494A-906D-FEE3584E3F31}.Release|x64.ActiveCfg = Release|Any CPU
		{1EE9FC52-B182-494A-906D-FEE3584E3F31}.Release|x64.Build.0 = Release|Any CPU
		{1EE9FC52-B182-494A-906D-FEE3584E3F31}.Release|x86.ActiveCfg = Release|Any CPU
		{1EE9FC52-B182-494A-906D-FEE3584E3F31}.Release|x86.Build.0 = Release|Any CPU
		{774BB749-627F-474D-93A7-E6C3EC9BA022}.Debug|Any CPU.ActiveCfg = Debug|Any CPU
		{774BB749-627F-474D-93A7-E6C3EC9BA022}.Debug|Any CPU.Build.0 = Debug|Any CPU
		{774BB749-627F-474D-93A7-E6C3EC9BA022}.Debug|x64.ActiveCfg = Debug|Any CPU
		{774BB749-627F-474D-93A7-E6C3EC9BA022}.Debug|x64.Build.0 = Debug|Any CPU
		{774BB749-627F-474D-93A7-E6C3EC9BA022}.Debug|x86.ActiveCfg = Debug|Any CPU
		{774BB749-627F-474D-93A7-E6C3EC9BA022}.Debug|x86.Build.0 = Debug|Any CPU
		{774BB749-627F-474D-93A7-E6C3EC9BA022}.Release|Any CPU.ActiveCfg = Release|Any CPU
		{774BB749-627F-474D-93A7-E6C3EC9BA022}.Release|Any CPU.Build.0 = Release|Any CPU
		{774BB749-627F-474D-93A7-E6C3EC9BA022}.Release|x64.ActiveCfg = Release|Any CPU
		{774BB749-627F-474D-93A7-E6C3EC9BA022}.Release|x64.Build.0 = Release|Any CPU
		{774BB749-627F-474D-93A7-E6C3EC9BA022}.Release|x86.ActiveCfg = Release|Any CPU
		{774BB749-627F-474D-93A7-E6C3EC9BA022}.Release|x86.Build.0 = Release|Any CPU
	EndGlobalSection
	GlobalSection(SolutionProperties) = preSolution
		HideSolutionNode = FALSE
	EndGlobalSection
	GlobalSection(NestedProjects) = preSolution
		{294F65E7-1B24-4D1B-BC63-160F5A993628} = {B9A59BCA-5C4A-D25C-E0B0-E5E90136F164}
	EndGlobalSection
EndGlobal
